
Microsoft Visual Studio Solution File, Format Version 12.00
# Visual Studio Version 16
VisualStudioVersion = 16.0.30413.136
MinimumVisualStudioVersion = 10.0.40219.1
Project("{FAE04EC0-301F-11D3-BF4B-00C04F79EFBC}") = "PartitionLabels", "PartitionLabels\PartitionLabels.csproj", "{539138CF-FB66-402C-83C4-9CF4A381D93E}"
EndProject
Global
	GlobalSection(SolutionConfigurationPlatforms) = preSolution
		Debug|Any CPU = Debug|Any CPU
		Release|Any CPU = Release|Any CPU
	EndGlobalSection
	GlobalSection(ProjectConfigurationPlatforms) = postSolution
		{539138CF-FB66-402C-83C4-9CF4A381D93E}.Debug|Any CPU.ActiveCfg = Debug|Any CPU
		{539138CF-FB66-402C-83C4-9CF4A381D93E}.Debug|Any CPU.Build.0 = Debug|Any CPU
		{539138CF-FB66-402C-83C4-9CF4A381D93E}.Release|Any CPU.ActiveCfg = Release|Any CPU
		{539138CF-FB66-402C-83C4-9CF4A381D93E}.Release|Any CPU.Build.0 = Release|Any CPU
	EndGlobalSection
	GlobalSection(SolutionProperties) = preSolution
		HideSolutionNode = FALSE
	EndGlobalSection
	GlobalSection(ExtensibilityGlobals) = postSolution
		SolutionGuid = {66D09B67-945C-45C0-B44D-496C7A502DCD}
	EndGlobalSection
EndGlobal
